// !$*UTF8*$!
{
	archiveVersion = 1;
	classes = {
	};
	objectVersion = 48;
	objects = {

/* Begin PBXBuildFile section */
		6004A4681FACE28F00A7CCF5 /* TipsViewController.swift in Sources */ = {isa = PBXBuildFile; fileRef = 6004A4671FACE28F00A7CCF5 /* TipsViewController.swift */; };
		6004A46A1FACF63200A7CCF5 /* TIpsTableViewCell.swift in Sources */ = {isa = PBXBuildFile; fileRef = 6004A4691FACF63200A7CCF5 /* TIpsTableViewCell.swift */; };
		6004A46C1FAD00A600A7CCF5 /* RoundButton.swift in Sources */ = {isa = PBXBuildFile; fileRef = 6004A46B1FAD00A600A7CCF5 /* RoundButton.swift */; };
		6004A4701FB4C7BD00A7CCF5 /* TipDetailViewController.swift in Sources */ = {isa = PBXBuildFile; fileRef = 6004A46F1FB4C7BD00A7CCF5 /* TipDetailViewController.swift */; };
		6032371E1FC14A5800661D31 /* PreferenceViewController.swift in Sources */ = {isa = PBXBuildFile; fileRef = 6032371D1FC14A5800661D31 /* PreferenceViewController.swift */; };
		60525B8D1FCE218F006DF3CB /* sideEffectViewController.swift in Sources */ = {isa = PBXBuildFile; fileRef = 60525B8C1FCE218F006DF3CB /* sideEffectViewController.swift */; };
		606378361FCE58AB001C2A7F /* VisitsViewController.swift in Sources */ = {isa = PBXBuildFile; fileRef = 606378351FCE58AB001C2A7F /* VisitsViewController.swift */; };
		60E28D6B1F8BCA3300D9F753 /* MenuViewController.swift in Sources */ = {isa = PBXBuildFile; fileRef = 60E28D6A1F8BCA3300D9F753 /* MenuViewController.swift */; };
		91357F571FCBE79100B0B857 /* JTAppleCalendar.framework in Frameworks */ = {isa = PBXBuildFile; fileRef = 91357F561FCBE79100B0B857 /* JTAppleCalendar.framework */; };
		91357F591FCBE94600B0B857 /* CustomCell.swift in Sources */ = {isa = PBXBuildFile; fileRef = 91357F581FCBE94600B0B857 /* CustomCell.swift */; };
		913BCF031FA654CE0006AA67 /* Screen10ViewController.swift in Sources */ = {isa = PBXBuildFile; fileRef = 913BCF021FA654CE0006AA67 /* Screen10ViewController.swift */; };
		913F9D841FD1F45A003E5A8C /* assets in Resources */ = {isa = PBXBuildFile; fileRef = 913F9D831FD1F2CE003E5A8C /* assets */; };
		914FFE411F7AAFAB00AB6C8D /* AppDelegate.swift in Sources */ = {isa = PBXBuildFile; fileRef = 914FFE401F7AAFAB00AB6C8D /* AppDelegate.swift */; };
		914FFE431F7AAFAB00AB6C8D /* ViewController.swift in Sources */ = {isa = PBXBuildFile; fileRef = 914FFE421F7AAFAB00AB6C8D /* ViewController.swift */; };
		914FFE461F7AAFAB00AB6C8D /* Main.storyboard in Resources */ = {isa = PBXBuildFile; fileRef = 914FFE441F7AAFAB00AB6C8D /* Main.storyboard */; };
		914FFE481F7AAFAB00AB6C8D /* Assets.xcassets in Resources */ = {isa = PBXBuildFile; fileRef = 914FFE471F7AAFAB00AB6C8D /* Assets.xcassets */; };
		914FFE4B1F7AAFAB00AB6C8D /* LaunchScreen.storyboard in Resources */ = {isa = PBXBuildFile; fileRef = 914FFE491F7AAFAB00AB6C8D /* LaunchScreen.storyboard */; };
		914FFE561F7AAFAB00AB6C8D /* MyDailyPalTests.swift in Sources */ = {isa = PBXBuildFile; fileRef = 914FFE551F7AAFAB00AB6C8D /* MyDailyPalTests.swift */; };
		914FFE611F7AAFAB00AB6C8D /* MyDailyPalUITests.swift in Sources */ = {isa = PBXBuildFile; fileRef = 914FFE601F7AAFAB00AB6C8D /* MyDailyPalUITests.swift */; };
		918845711FC8F7C6007FF67C /* TreatmentPlan+CoreDataProperties.swift in Sources */ = {isa = PBXBuildFile; fileRef = 9188456F1FC8F7C5007FF67C /* TreatmentPlan+CoreDataProperties.swift */; };
		918845721FC8F7C6007FF67C /* TreatmentPlan+CoreDataClass.swift in Sources */ = {isa = PBXBuildFile; fileRef = 918845701FC8F7C6007FF67C /* TreatmentPlan+CoreDataClass.swift */; };
		918845781FC93EF6007FF67C /* Screen11ViewController.swift in Sources */ = {isa = PBXBuildFile; fileRef = 918845771FC93EF5007FF67C /* Screen11ViewController.swift */; };
		91D84E581FB153CC003D1DE0 /* MyTreatmentPlanTableViewCell.swift in Sources */ = {isa = PBXBuildFile; fileRef = 91D84E571FB153CC003D1DE0 /* MyTreatmentPlanTableViewCell.swift */; };
		91D84E5A1FB15700003D1DE0 /* MyTreatmentPlan.swift in Sources */ = {isa = PBXBuildFile; fileRef = 91D84E591FB15700003D1DE0 /* MyTreatmentPlan.swift */; };
		91D84E5C1FB158D7003D1DE0 /* Screen4ViewController.swift in Sources */ = {isa = PBXBuildFile; fileRef = 91D84E5B1FB158D7003D1DE0 /* Screen4ViewController.swift */; };
		962DB3081FBB700600A5553B /* DoctorVisit+CoreDataClass.swift in Sources */ = {isa = PBXBuildFile; fileRef = 962DB3061FBB700600A5553B /* DoctorVisit+CoreDataClass.swift */; };
		962DB3091FBB700600A5553B /* DoctorVisit+CoreDataProperties.swift in Sources */ = {isa = PBXBuildFile; fileRef = 962DB3071FBB700600A5553B /* DoctorVisit+CoreDataProperties.swift */; };
		964E7A3A1F8928D6009ACD16 /* Screen18ViewController.swift in Sources */ = {isa = PBXBuildFile; fileRef = 964E7A391F8928D6009ACD16 /* Screen18ViewController.swift */; };
		967B93101FA10325006B3A91 /* ConfirmPIN_VC.swift in Sources */ = {isa = PBXBuildFile; fileRef = 967B930F1FA10325006B3A91 /* ConfirmPIN_VC.swift */; };
		967B93121FA10C2F006B3A91 /* SecurityQuestionsSetup_VC.swift in Sources */ = {isa = PBXBuildFile; fileRef = 967B93111FA10C2F006B3A91 /* SecurityQuestionsSetup_VC.swift */; };
		967B93141FA12385006B3A91 /* SecurityQuestion.swift in Sources */ = {isa = PBXBuildFile; fileRef = 967B93131FA12385006B3A91 /* SecurityQuestion.swift */; };
		967B93161FA1241B006B3A91 /* SecurityQuestionBank.swift in Sources */ = {isa = PBXBuildFile; fileRef = 967B93151FA1241B006B3A91 /* SecurityQuestionBank.swift */; };
		967C2E3E1FA792FF00CA4A74 /* MyDailyPal.xcdatamodeld in Sources */ = {isa = PBXBuildFile; fileRef = 967C2E3C1FA792FF00CA4A74 /* MyDailyPal.xcdatamodeld */; };
		967C2E401FA7CA4D00CA4A74 /* PersistenceService.swift in Sources */ = {isa = PBXBuildFile; fileRef = 967C2E3F1FA7CA4D00CA4A74 /* PersistenceService.swift */; };
		967C2E431FA7CD9E00CA4A74 /* Preferences+CoreDataClass.swift in Sources */ = {isa = PBXBuildFile; fileRef = 967C2E411FA7CD9E00CA4A74 /* Preferences+CoreDataClass.swift */; };
		967C2E441FA7CD9E00CA4A74 /* Preferences+CoreDataProperties.swift in Sources */ = {isa = PBXBuildFile; fileRef = 967C2E421FA7CD9E00CA4A74 /* Preferences+CoreDataProperties.swift */; };
		967C2E461FA7D9C900CA4A74 /* LoadingScreenViewController.swift in Sources */ = {isa = PBXBuildFile; fileRef = 967C2E451FA7D9C900CA4A74 /* LoadingScreenViewController.swift */; };
		967C2E481FA7E57C00CA4A74 /* EnterPINViewController.swift in Sources */ = {isa = PBXBuildFile; fileRef = 967C2E471FA7E57C00CA4A74 /* EnterPINViewController.swift */; };
		967C2E4A1FA7F65800CA4A74 /* ForgotPINViewController.swift in Sources */ = {isa = PBXBuildFile; fileRef = 967C2E491FA7F65800CA4A74 /* ForgotPINViewController.swift */; };
		969C83011FC9052C00784680 /* aesSecurity.swift in Sources */ = {isa = PBXBuildFile; fileRef = 969C83001FC9052C00784680 /* aesSecurity.swift */; };
		D44616511F8AF23500780B56 /* Screen7ViewController.swift in Sources */ = {isa = PBXBuildFile; fileRef = D44616501F8AF23500780B56 /* Screen7ViewController.swift */; };
		D49E3DC21FABE25800533846 /* DrugBank.swift in Sources */ = {isa = PBXBuildFile; fileRef = D49E3DC11FABE25700533846 /* DrugBank.swift */; };
		D49E3DC41FABE50800533846 /* Drug.swift in Sources */ = {isa = PBXBuildFile; fileRef = D49E3DC31FABE50800533846 /* Drug.swift */; };
		D4B4252B1FB98C2D000DEC90 /* Screen9ViewController.swift in Sources */ = {isa = PBXBuildFile; fileRef = D4B4252A1FB98C2D000DEC90 /* Screen9ViewController.swift */; };
		D4B9E94E1FBEA6590016A368 /* VisitsTableViewCell.swift in Sources */ = {isa = PBXBuildFile; fileRef = D4B9E94B1FBEA6580016A368 /* VisitsTableViewCell.swift */; };
		D4B9E9501FBEA6590016A368 /* VisitDetailsViewController.swift in Sources */ = {isa = PBXBuildFile; fileRef = D4B9E94D1FBEA6590016A368 /* VisitDetailsViewController.swift */; };
		D4D3140C1F8C740F0069D113 /* Screen8TableViewController.swift in Sources */ = {isa = PBXBuildFile; fileRef = D4D3140B1F8C740F0069D113 /* Screen8TableViewController.swift */; };
		D4D3140E1F8C76190069D113 /* DrugsTableViewCell.swift in Sources */ = {isa = PBXBuildFile; fileRef = D4D3140D1F8C76190069D113 /* DrugsTableViewCell.swift */; };
/* End PBXBuildFile section */

/* Begin PBXContainerItemProxy section */
		914FFE521F7AAFAB00AB6C8D /* PBXContainerItemProxy */ = {
			isa = PBXContainerItemProxy;
			containerPortal = 914FFE351F7AAFAB00AB6C8D /* Project object */;
			proxyType = 1;
			remoteGlobalIDString = 914FFE3C1F7AAFAB00AB6C8D;
			remoteInfo = MyDailyPal;
		};
		914FFE5D1F7AAFAB00AB6C8D /* PBXContainerItemProxy */ = {
			isa = PBXContainerItemProxy;
			containerPortal = 914FFE351F7AAFAB00AB6C8D /* Project object */;
			proxyType = 1;
			remoteGlobalIDString = 914FFE3C1F7AAFAB00AB6C8D;
			remoteInfo = MyDailyPal;
		};
/* End PBXContainerItemProxy section */

/* Begin PBXFileReference section */
		6004A4671FACE28F00A7CCF5 /* TipsViewController.swift */ = {isa = PBXFileReference; lastKnownFileType = sourcecode.swift; path = TipsViewController.swift; sourceTree = "<group>"; };
		6004A4691FACF63200A7CCF5 /* TIpsTableViewCell.swift */ = {isa = PBXFileReference; lastKnownFileType = sourcecode.swift; path = TIpsTableViewCell.swift; sourceTree = "<group>"; };
		6004A46B1FAD00A600A7CCF5 /* RoundButton.swift */ = {isa = PBXFileReference; lastKnownFileType = sourcecode.swift; path = RoundButton.swift; sourceTree = "<group>"; };
		6004A46F1FB4C7BD00A7CCF5 /* TipDetailViewController.swift */ = {isa = PBXFileReference; lastKnownFileType = sourcecode.swift; path = TipDetailViewController.swift; sourceTree = "<group>"; };
		6032371D1FC14A5800661D31 /* PreferenceViewController.swift */ = {isa = PBXFileReference; lastKnownFileType = sourcecode.swift; path = PreferenceViewController.swift; sourceTree = "<group>"; };
		60525B8C1FCE218F006DF3CB /* sideEffectViewController.swift */ = {isa = PBXFileReference; lastKnownFileType = sourcecode.swift; path = sideEffectViewController.swift; sourceTree = "<group>"; };
		606378351FCE58AB001C2A7F /* VisitsViewController.swift */ = {isa = PBXFileReference; lastKnownFileType = sourcecode.swift; path = VisitsViewController.swift; sourceTree = "<group>"; };
		60E28D6A1F8BCA3300D9F753 /* MenuViewController.swift */ = {isa = PBXFileReference; lastKnownFileType = sourcecode.swift; path = MenuViewController.swift; sourceTree = "<group>"; };
		91357F561FCBE79100B0B857 /* JTAppleCalendar.framework */ = {isa = PBXFileReference; lastKnownFileType = wrapper.framework; name = JTAppleCalendar.framework; path = Carthage/Build/iOS/JTAppleCalendar.framework; sourceTree = "<group>"; };
		91357F581FCBE94600B0B857 /* CustomCell.swift */ = {isa = PBXFileReference; lastKnownFileType = sourcecode.swift; path = CustomCell.swift; sourceTree = "<group>"; };
		913BCF021FA654CE0006AA67 /* Screen10ViewController.swift */ = {isa = PBXFileReference; lastKnownFileType = sourcecode.swift; path = Screen10ViewController.swift; sourceTree = "<group>"; };
		913F9D831FD1F2CE003E5A8C /* assets */ = {isa = PBXFileReference; lastKnownFileType = folder; path = assets; sourceTree = "<group>"; };
		914FFE3D1F7AAFAB00AB6C8D /* MyDailyPal.app */ = {isa = PBXFileReference; explicitFileType = wrapper.application; includeInIndex = 0; path = MyDailyPal.app; sourceTree = BUILT_PRODUCTS_DIR; };
		914FFE401F7AAFAB00AB6C8D /* AppDelegate.swift */ = {isa = PBXFileReference; lastKnownFileType = sourcecode.swift; path = AppDelegate.swift; sourceTree = "<group>"; };
		914FFE421F7AAFAB00AB6C8D /* ViewController.swift */ = {isa = PBXFileReference; lastKnownFileType = sourcecode.swift; path = ViewController.swift; sourceTree = "<group>"; };
		914FFE451F7AAFAB00AB6C8D /* Base */ = {isa = PBXFileReference; lastKnownFileType = file.storyboard; name = Base; path = Base.lproj/Main.storyboard; sourceTree = "<group>"; };
		914FFE471F7AAFAB00AB6C8D /* Assets.xcassets */ = {isa = PBXFileReference; lastKnownFileType = folder.assetcatalog; path = Assets.xcassets; sourceTree = "<group>"; };
		914FFE4A1F7AAFAB00AB6C8D /* Base */ = {isa = PBXFileReference; lastKnownFileType = file.storyboard; name = Base; path = Base.lproj/LaunchScreen.storyboard; sourceTree = "<group>"; };
		914FFE4C1F7AAFAB00AB6C8D /* Info.plist */ = {isa = PBXFileReference; lastKnownFileType = text.plist.xml; path = Info.plist; sourceTree = "<group>"; };
		914FFE511F7AAFAB00AB6C8D /* MyDailyPalTests.xctest */ = {isa = PBXFileReference; explicitFileType = wrapper.cfbundle; includeInIndex = 0; path = MyDailyPalTests.xctest; sourceTree = BUILT_PRODUCTS_DIR; };
		914FFE551F7AAFAB00AB6C8D /* MyDailyPalTests.swift */ = {isa = PBXFileReference; lastKnownFileType = sourcecode.swift; path = MyDailyPalTests.swift; sourceTree = "<group>"; };
		914FFE571F7AAFAB00AB6C8D /* Info.plist */ = {isa = PBXFileReference; lastKnownFileType = text.plist.xml; path = Info.plist; sourceTree = "<group>"; };
		914FFE5C1F7AAFAB00AB6C8D /* MyDailyPalUITests.xctest */ = {isa = PBXFileReference; explicitFileType = wrapper.cfbundle; includeInIndex = 0; path = MyDailyPalUITests.xctest; sourceTree = BUILT_PRODUCTS_DIR; };
		914FFE601F7AAFAB00AB6C8D /* MyDailyPalUITests.swift */ = {isa = PBXFileReference; lastKnownFileType = sourcecode.swift; path = MyDailyPalUITests.swift; sourceTree = "<group>"; };
		914FFE621F7AAFAB00AB6C8D /* Info.plist */ = {isa = PBXFileReference; lastKnownFileType = text.plist.xml; path = Info.plist; sourceTree = "<group>"; };
		9188456F1FC8F7C5007FF67C /* TreatmentPlan+CoreDataProperties.swift */ = {isa = PBXFileReference; lastKnownFileType = sourcecode.swift; path = "TreatmentPlan+CoreDataProperties.swift"; sourceTree = "<group>"; };
		918845701FC8F7C6007FF67C /* TreatmentPlan+CoreDataClass.swift */ = {isa = PBXFileReference; lastKnownFileType = sourcecode.swift; path = "TreatmentPlan+CoreDataClass.swift"; sourceTree = "<group>"; };
		918845771FC93EF5007FF67C /* Screen11ViewController.swift */ = {isa = PBXFileReference; lastKnownFileType = sourcecode.swift; path = Screen11ViewController.swift; sourceTree = "<group>"; };
		91D84E571FB153CC003D1DE0 /* MyTreatmentPlanTableViewCell.swift */ = {isa = PBXFileReference; lastKnownFileType = sourcecode.swift; path = MyTreatmentPlanTableViewCell.swift; sourceTree = "<group>"; };
		91D84E591FB15700003D1DE0 /* MyTreatmentPlan.swift */ = {isa = PBXFileReference; lastKnownFileType = sourcecode.swift; path = MyTreatmentPlan.swift; sourceTree = "<group>"; };
		91D84E5B1FB158D7003D1DE0 /* Screen4ViewController.swift */ = {isa = PBXFileReference; lastKnownFileType = sourcecode.swift; path = Screen4ViewController.swift; sourceTree = "<group>"; };
		962DB3061FBB700600A5553B /* DoctorVisit+CoreDataClass.swift */ = {isa = PBXFileReference; lastKnownFileType = sourcecode.swift; path = "DoctorVisit+CoreDataClass.swift"; sourceTree = "<group>"; };
		962DB3071FBB700600A5553B /* DoctorVisit+CoreDataProperties.swift */ = {isa = PBXFileReference; lastKnownFileType = sourcecode.swift; path = "DoctorVisit+CoreDataProperties.swift"; sourceTree = "<group>"; };
		964E7A391F8928D6009ACD16 /* Screen18ViewController.swift */ = {isa = PBXFileReference; lastKnownFileType = sourcecode.swift; path = Screen18ViewController.swift; sourceTree = "<group>"; };
		967B930F1FA10325006B3A91 /* ConfirmPIN_VC.swift */ = {isa = PBXFileReference; lastKnownFileType = sourcecode.swift; path = ConfirmPIN_VC.swift; sourceTree = "<group>"; };
		967B93111FA10C2F006B3A91 /* SecurityQuestionsSetup_VC.swift */ = {isa = PBXFileReference; lastKnownFileType = sourcecode.swift; path = SecurityQuestionsSetup_VC.swift; sourceTree = "<group>"; };
		967B93131FA12385006B3A91 /* SecurityQuestion.swift */ = {isa = PBXFileReference; lastKnownFileType = sourcecode.swift; path = SecurityQuestion.swift; sourceTree = "<group>"; };
		967B93151FA1241B006B3A91 /* SecurityQuestionBank.swift */ = {isa = PBXFileReference; lastKnownFileType = sourcecode.swift; path = SecurityQuestionBank.swift; sourceTree = "<group>"; };
		967C2E3D1FA792FF00CA4A74 /* MyDailyPal.xcdatamodel */ = {isa = PBXFileReference; lastKnownFileType = wrapper.xcdatamodel; path = MyDailyPal.xcdatamodel; sourceTree = "<group>"; };
		967C2E3F1FA7CA4D00CA4A74 /* PersistenceService.swift */ = {isa = PBXFileReference; lastKnownFileType = sourcecode.swift; path = PersistenceService.swift; sourceTree = "<group>"; };
		967C2E411FA7CD9E00CA4A74 /* Preferences+CoreDataClass.swift */ = {isa = PBXFileReference; lastKnownFileType = sourcecode.swift; path = "Preferences+CoreDataClass.swift"; sourceTree = "<group>"; };
		967C2E421FA7CD9E00CA4A74 /* Preferences+CoreDataProperties.swift */ = {isa = PBXFileReference; lastKnownFileType = sourcecode.swift; path = "Preferences+CoreDataProperties.swift"; sourceTree = "<group>"; };
		967C2E451FA7D9C900CA4A74 /* LoadingScreenViewController.swift */ = {isa = PBXFileReference; lastKnownFileType = sourcecode.swift; path = LoadingScreenViewController.swift; sourceTree = "<group>"; };
		967C2E471FA7E57C00CA4A74 /* EnterPINViewController.swift */ = {isa = PBXFileReference; lastKnownFileType = sourcecode.swift; path = EnterPINViewController.swift; sourceTree = "<group>"; };
		967C2E491FA7F65800CA4A74 /* ForgotPINViewController.swift */ = {isa = PBXFileReference; lastKnownFileType = sourcecode.swift; path = ForgotPINViewController.swift; sourceTree = "<group>"; };
		969C83001FC9052C00784680 /* aesSecurity.swift */ = {isa = PBXFileReference; lastKnownFileType = sourcecode.swift; path = aesSecurity.swift; sourceTree = "<group>"; };
		D44616501F8AF23500780B56 /* Screen7ViewController.swift */ = {isa = PBXFileReference; lastKnownFileType = sourcecode.swift; path = Screen7ViewController.swift; sourceTree = "<group>"; };
		D49E3DC11FABE25700533846 /* DrugBank.swift */ = {isa = PBXFileReference; lastKnownFileType = sourcecode.swift; path = DrugBank.swift; sourceTree = "<group>"; };
		D49E3DC31FABE50800533846 /* Drug.swift */ = {isa = PBXFileReference; lastKnownFileType = sourcecode.swift; path = Drug.swift; sourceTree = "<group>"; };
		D4B4252A1FB98C2D000DEC90 /* Screen9ViewController.swift */ = {isa = PBXFileReference; lastKnownFileType = sourcecode.swift; path = Screen9ViewController.swift; sourceTree = "<group>"; };
		D4B9E94B1FBEA6580016A368 /* VisitsTableViewCell.swift */ = {isa = PBXFileReference; fileEncoding = 4; lastKnownFileType = sourcecode.swift; path = VisitsTableViewCell.swift; sourceTree = "<group>"; };
		D4B9E94D1FBEA6590016A368 /* VisitDetailsViewController.swift */ = {isa = PBXFileReference; fileEncoding = 4; lastKnownFileType = sourcecode.swift; path = VisitDetailsViewController.swift; sourceTree = "<group>"; };
		D4D3140B1F8C740F0069D113 /* Screen8TableViewController.swift */ = {isa = PBXFileReference; lastKnownFileType = sourcecode.swift; path = Screen8TableViewController.swift; sourceTree = "<group>"; };
		D4D3140D1F8C76190069D113 /* DrugsTableViewCell.swift */ = {isa = PBXFileReference; lastKnownFileType = sourcecode.swift; path = DrugsTableViewCell.swift; sourceTree = "<group>"; };
/* End PBXFileReference section */

/* Begin PBXFrameworksBuildPhase section */
		914FFE3A1F7AAFAB00AB6C8D /* Frameworks */ = {
			isa = PBXFrameworksBuildPhase;
			buildActionMask = 2147483647;
			files = (
				91357F571FCBE79100B0B857 /* JTAppleCalendar.framework in Frameworks */,
			);
			runOnlyForDeploymentPostprocessing = 0;
		};
		914FFE4E1F7AAFAB00AB6C8D /* Frameworks */ = {
			isa = PBXFrameworksBuildPhase;
			buildActionMask = 2147483647;
			files = (
			);
			runOnlyForDeploymentPostprocessing = 0;
		};
		914FFE591F7AAFAB00AB6C8D /* Frameworks */ = {
			isa = PBXFrameworksBuildPhase;
			buildActionMask = 2147483647;
			files = (
			);
			runOnlyForDeploymentPostprocessing = 0;
		};
/* End PBXFrameworksBuildPhase section */

/* Begin PBXGroup section */
		914FFE341F7AAFAB00AB6C8D = {
			isa = PBXGroup;
			children = (
				914FFE3F1F7AAFAB00AB6C8D /* MyDailyPal */,
				914FFE541F7AAFAB00AB6C8D /* MyDailyPalTests */,
				914FFE5F1F7AAFAB00AB6C8D /* MyDailyPalUITests */,
				914FFE3E1F7AAFAB00AB6C8D /* Products */,
				D445F6E41FBCC67E00171402 /* Recovered References */,
				9198B83B1FC50DD20074F583 /* Frameworks */,
			);
			sourceTree = "<group>";
		};
		914FFE3E1F7AAFAB00AB6C8D /* Products */ = {
			isa = PBXGroup;
			children = (
				914FFE3D1F7AAFAB00AB6C8D /* MyDailyPal.app */,
				914FFE511F7AAFAB00AB6C8D /* MyDailyPalTests.xctest */,
				914FFE5C1F7AAFAB00AB6C8D /* MyDailyPalUITests.xctest */,
			);
			name = Products;
			sourceTree = "<group>";
		};
		914FFE3F1F7AAFAB00AB6C8D /* MyDailyPal */ = {
			isa = PBXGroup;
			children = (
				967B930B1FA0E34F006B3A91 /* Controller */,
				967B930A1FA0E344006B3A91 /* View */,
				967B93091FA0E306006B3A91 /* Model */,
				914FFE471F7AAFAB00AB6C8D /* Assets.xcassets */,
				967C2E3C1FA792FF00CA4A74 /* MyDailyPal.xcdatamodeld */,
				914FFE4C1F7AAFAB00AB6C8D /* Info.plist */,
			);
			path = MyDailyPal;
			sourceTree = "<group>";
		};
		914FFE541F7AAFAB00AB6C8D /* MyDailyPalTests */ = {
			isa = PBXGroup;
			children = (
				914FFE551F7AAFAB00AB6C8D /* MyDailyPalTests.swift */,
				914FFE571F7AAFAB00AB6C8D /* Info.plist */,
			);
			path = MyDailyPalTests;
			sourceTree = "<group>";
		};
		914FFE5F1F7AAFAB00AB6C8D /* MyDailyPalUITests */ = {
			isa = PBXGroup;
			children = (
				914FFE601F7AAFAB00AB6C8D /* MyDailyPalUITests.swift */,
				914FFE621F7AAFAB00AB6C8D /* Info.plist */,
			);
			path = MyDailyPalUITests;
			sourceTree = "<group>";
		};
		9198B83B1FC50DD20074F583 /* Frameworks */ = {
			isa = PBXGroup;
			children = (
				91357F561FCBE79100B0B857 /* JTAppleCalendar.framework */,
			);
			name = Frameworks;
			sourceTree = "<group>";
		};
		967B93091FA0E306006B3A91 /* Model */ = {
			isa = PBXGroup;
			children = (
				962DB3061FBB700600A5553B /* DoctorVisit+CoreDataClass.swift */,
				962DB3071FBB700600A5553B /* DoctorVisit+CoreDataProperties.swift */,
				918845701FC8F7C6007FF67C /* TreatmentPlan+CoreDataClass.swift */,
				9188456F1FC8F7C5007FF67C /* TreatmentPlan+CoreDataProperties.swift */,
				967C2E411FA7CD9E00CA4A74 /* Preferences+CoreDataClass.swift */,
				967C2E421FA7CD9E00CA4A74 /* Preferences+CoreDataProperties.swift */,
				967B93131FA12385006B3A91 /* SecurityQuestion.swift */,
				967B93151FA1241B006B3A91 /* SecurityQuestionBank.swift */,
				D49E3DC11FABE25700533846 /* DrugBank.swift */,
				D49E3DC31FABE50800533846 /* Drug.swift */,
				91D84E591FB15700003D1DE0 /* MyTreatmentPlan.swift */,
				969C83001FC9052C00784680 /* aesSecurity.swift */,
			);
			path = Model;
			sourceTree = "<group>";
		};
		967B930A1FA0E344006B3A91 /* View */ = {
			isa = PBXGroup;
			children = (
				914FFE491F7AAFAB00AB6C8D /* LaunchScreen.storyboard */,
				914FFE441F7AAFAB00AB6C8D /* Main.storyboard */,
			);
			path = View;
			sourceTree = "<group>";
		};
		967B930B1FA0E34F006B3A91 /* Controller */ = {
			isa = PBXGroup;
			children = (
				913F9D831FD1F2CE003E5A8C /* assets */,
				918845771FC93EF5007FF67C /* Screen11ViewController.swift */,
				D4B9E94D1FBEA6590016A368 /* VisitDetailsViewController.swift */,
				D4B9E94B1FBEA6580016A368 /* VisitsTableViewCell.swift */,
				6004A4691FACF63200A7CCF5 /* TIpsTableViewCell.swift */,
				967C2E3F1FA7CA4D00CA4A74 /* PersistenceService.swift */,
				91D84E571FB153CC003D1DE0 /* MyTreatmentPlanTableViewCell.swift */,
				D44616501F8AF23500780B56 /* Screen7ViewController.swift */,
				D4D3140B1F8C740F0069D113 /* Screen8TableViewController.swift */,
				D4D3140D1F8C76190069D113 /* DrugsTableViewCell.swift */,
				964E7A391F8928D6009ACD16 /* Screen18ViewController.swift */,
				606378351FCE58AB001C2A7F /* VisitsViewController.swift */,
				914FFE401F7AAFAB00AB6C8D /* AppDelegate.swift */,
				914FFE421F7AAFAB00AB6C8D /* ViewController.swift */,
				60E28D6A1F8BCA3300D9F753 /* MenuViewController.swift */,
				967B930F1FA10325006B3A91 /* ConfirmPIN_VC.swift */,
				967B93111FA10C2F006B3A91 /* SecurityQuestionsSetup_VC.swift */,
				60525B8C1FCE218F006DF3CB /* sideEffectViewController.swift */,
				913BCF021FA654CE0006AA67 /* Screen10ViewController.swift */,
				967C2E451FA7D9C900CA4A74 /* LoadingScreenViewController.swift */,
				967C2E471FA7E57C00CA4A74 /* EnterPINViewController.swift */,
				967C2E491FA7F65800CA4A74 /* ForgotPINViewController.swift */,
				6004A4671FACE28F00A7CCF5 /* TipsViewController.swift */,
				6004A46B1FAD00A600A7CCF5 /* RoundButton.swift */,
				91D84E5B1FB158D7003D1DE0 /* Screen4ViewController.swift */,
				6004A46F1FB4C7BD00A7CCF5 /* TipDetailViewController.swift */,
				D4B4252A1FB98C2D000DEC90 /* Screen9ViewController.swift */,
				6032371D1FC14A5800661D31 /* PreferenceViewController.swift */,
				91357F581FCBE94600B0B857 /* CustomCell.swift */,
			);
			path = Controller;
			sourceTree = "<group>";
		};
		D445F6E41FBCC67E00171402 /* Recovered References */ = {
			isa = PBXGroup;
			children = (
			);
			name = "Recovered References";
			sourceTree = "<group>";
		};
/* End PBXGroup section */

/* Begin PBXNativeTarget section */
		914FFE3C1F7AAFAB00AB6C8D /* MyDailyPal */ = {
			isa = PBXNativeTarget;
			buildConfigurationList = 914FFE651F7AAFAB00AB6C8D /* Build configuration list for PBXNativeTarget "MyDailyPal" */;
			buildPhases = (
				914FFE391F7AAFAB00AB6C8D /* Sources */,
				914FFE3A1F7AAFAB00AB6C8D /* Frameworks */,
				914FFE3B1F7AAFAB00AB6C8D /* Resources */,
				912D14F21FC6758D004B0789 /* ShellScript */,
			);
			buildRules = (
			);
			dependencies = (
			);
			name = MyDailyPal;
			productName = MyDailyPal;
			productReference = 914FFE3D1F7AAFAB00AB6C8D /* MyDailyPal.app */;
			productType = "com.apple.product-type.application";
		};
		914FFE501F7AAFAB00AB6C8D /* MyDailyPalTests */ = {
			isa = PBXNativeTarget;
			buildConfigurationList = 914FFE681F7AAFAB00AB6C8D /* Build configuration list for PBXNativeTarget "MyDailyPalTests" */;
			buildPhases = (
				914FFE4D1F7AAFAB00AB6C8D /* Sources */,
				914FFE4E1F7AAFAB00AB6C8D /* Frameworks */,
				914FFE4F1F7AAFAB00AB6C8D /* Resources */,
			);
			buildRules = (
			);
			dependencies = (
				914FFE531F7AAFAB00AB6C8D /* PBXTargetDependency */,
			);
			name = MyDailyPalTests;
			productName = MyDailyPalTests;
			productReference = 914FFE511F7AAFAB00AB6C8D /* MyDailyPalTests.xctest */;
			productType = "com.apple.product-type.bundle.unit-test";
		};
		914FFE5B1F7AAFAB00AB6C8D /* MyDailyPalUITests */ = {
			isa = PBXNativeTarget;
			buildConfigurationList = 914FFE6B1F7AAFAB00AB6C8D /* Build configuration list for PBXNativeTarget "MyDailyPalUITests" */;
			buildPhases = (
				914FFE581F7AAFAB00AB6C8D /* Sources */,
				914FFE591F7AAFAB00AB6C8D /* Frameworks */,
				914FFE5A1F7AAFAB00AB6C8D /* Resources */,
			);
			buildRules = (
			);
			dependencies = (
				914FFE5E1F7AAFAB00AB6C8D /* PBXTargetDependency */,
			);
			name = MyDailyPalUITests;
			productName = MyDailyPalUITests;
			productReference = 914FFE5C1F7AAFAB00AB6C8D /* MyDailyPalUITests.xctest */;
			productType = "com.apple.product-type.bundle.ui-testing";
		};
/* End PBXNativeTarget section */

/* Begin PBXProject section */
		914FFE351F7AAFAB00AB6C8D /* Project object */ = {
			isa = PBXProject;
			attributes = {
				LastSwiftUpdateCheck = 0900;
				LastUpgradeCheck = 0900;
				ORGANIZATIONNAME = "Yixin Qi";
				TargetAttributes = {
					914FFE3C1F7AAFAB00AB6C8D = {
						CreatedOnToolsVersion = 9.0;
						ProvisioningStyle = Manual;
					};
					914FFE501F7AAFAB00AB6C8D = {
						CreatedOnToolsVersion = 9.0;
						ProvisioningStyle = Automatic;
						TestTargetID = 914FFE3C1F7AAFAB00AB6C8D;
					};
					914FFE5B1F7AAFAB00AB6C8D = {
						CreatedOnToolsVersion = 9.0;
						ProvisioningStyle = Automatic;
						TestTargetID = 914FFE3C1F7AAFAB00AB6C8D;
					};
				};
			};
			buildConfigurationList = 914FFE381F7AAFAB00AB6C8D /* Build configuration list for PBXProject "MyDailyPal" */;
			compatibilityVersion = "Xcode 8.0";
			developmentRegion = en;
			hasScannedForEncodings = 0;
			knownRegions = (
				en,
				Base,
			);
			mainGroup = 914FFE341F7AAFAB00AB6C8D;
			productRefGroup = 914FFE3E1F7AAFAB00AB6C8D /* Products */;
			projectDirPath = "";
			projectRoot = "";
			targets = (
				914FFE3C1F7AAFAB00AB6C8D /* MyDailyPal */,
				914FFE501F7AAFAB00AB6C8D /* MyDailyPalTests */,
				914FFE5B1F7AAFAB00AB6C8D /* MyDailyPalUITests */,
			);
		};
/* End PBXProject section */

/* Begin PBXResourcesBuildPhase section */
		914FFE3B1F7AAFAB00AB6C8D /* Resources */ = {
			isa = PBXResourcesBuildPhase;
			buildActionMask = 2147483647;
			files = (
				914FFE4B1F7AAFAB00AB6C8D /* LaunchScreen.storyboard in Resources */,
				913F9D841FD1F45A003E5A8C /* assets in Resources */,
				914FFE481F7AAFAB00AB6C8D /* Assets.xcassets in Resources */,
				914FFE461F7AAFAB00AB6C8D /* Main.storyboard in Resources */,
			);
			runOnlyForDeploymentPostprocessing = 0;
		};
		914FFE4F1F7AAFAB00AB6C8D /* Resources */ = {
			isa = PBXResourcesBuildPhase;
			buildActionMask = 2147483647;
			files = (
			);
			runOnlyForDeploymentPostprocessing = 0;
		};
		914FFE5A1F7AAFAB00AB6C8D /* Resources */ = {
			isa = PBXResourcesBuildPhase;
			buildActionMask = 2147483647;
			files = (
			);
			runOnlyForDeploymentPostprocessing = 0;
		};
/* End PBXResourcesBuildPhase section */

/* Begin PBXShellScriptBuildPhase section */
		912D14F21FC6758D004B0789 /* ShellScript */ = {
			isa = PBXShellScriptBuildPhase;
			buildActionMask = 2147483647;
			files = (
			);
			inputPaths = (
				"$(SRCROOT)/Carthage/Build/iOS/JTAppleCalendar.framework",
			);
			outputPaths = (
			);
			runOnlyForDeploymentPostprocessing = 0;
			shellPath = /bin/sh;
			shellScript = "/usr/local/bin/carthage copy-frameworks\n";
		};
/* End PBXShellScriptBuildPhase section */

/* Begin PBXSourcesBuildPhase section */
		914FFE391F7AAFAB00AB6C8D /* Sources */ = {
			isa = PBXSourcesBuildPhase;
			buildActionMask = 2147483647;
			files = (
				962DB3091FBB700600A5553B /* DoctorVisit+CoreDataProperties.swift in Sources */,
				967C2E431FA7CD9E00CA4A74 /* Preferences+CoreDataClass.swift in Sources */,
				60525B8D1FCE218F006DF3CB /* sideEffectViewController.swift in Sources */,
				967C2E481FA7E57C00CA4A74 /* EnterPINViewController.swift in Sources */,
				918845711FC8F7C6007FF67C /* TreatmentPlan+CoreDataProperties.swift in Sources */,
				6004A4681FACE28F00A7CCF5 /* TipsViewController.swift in Sources */,
				913BCF031FA654CE0006AA67 /* Screen10ViewController.swift in Sources */,
				962DB3081FBB700600A5553B /* DoctorVisit+CoreDataClass.swift in Sources */,
				91D84E5A1FB15700003D1DE0 /* MyTreatmentPlan.swift in Sources */,
				967C2E4A1FA7F65800CA4A74 /* ForgotPINViewController.swift in Sources */,
				969C83011FC9052C00784680 /* aesSecurity.swift in Sources */,
				D44616511F8AF23500780B56 /* Screen7ViewController.swift in Sources */,
				967B93161FA1241B006B3A91 /* SecurityQuestionBank.swift in Sources */,
				918845721FC8F7C6007FF67C /* TreatmentPlan+CoreDataClass.swift in Sources */,
				91357F591FCBE94600B0B857 /* CustomCell.swift in Sources */,
				606378361FCE58AB001C2A7F /* VisitsViewController.swift in Sources */,
				6004A46A1FACF63200A7CCF5 /* TIpsTableViewCell.swift in Sources */,
				D4D3140C1F8C740F0069D113 /* Screen8TableViewController.swift in Sources */,
				918845781FC93EF6007FF67C /* Screen11ViewController.swift in Sources */,
				D49E3DC41FABE50800533846 /* Drug.swift in Sources */,
				967C2E461FA7D9C900CA4A74 /* LoadingScreenViewController.swift in Sources */,
				967C2E441FA7CD9E00CA4A74 /* Preferences+CoreDataProperties.swift in Sources */,
				D49E3DC21FABE25800533846 /* DrugBank.swift in Sources */,
				967B93101FA10325006B3A91 /* ConfirmPIN_VC.swift in Sources */,
				D4D3140E1F8C76190069D113 /* DrugsTableViewCell.swift in Sources */,
				91D84E5C1FB158D7003D1DE0 /* Screen4ViewController.swift in Sources */,
				967C2E3E1FA792FF00CA4A74 /* MyDailyPal.xcdatamodeld in Sources */,
				964E7A3A1F8928D6009ACD16 /* Screen18ViewController.swift in Sources */,
				6004A4701FB4C7BD00A7CCF5 /* TipDetailViewController.swift in Sources */,
				967B93121FA10C2F006B3A91 /* SecurityQuestionsSetup_VC.swift in Sources */,
				6032371E1FC14A5800661D31 /* PreferenceViewController.swift in Sources */,
				6004A46C1FAD00A600A7CCF5 /* RoundButton.swift in Sources */,
				967C2E401FA7CA4D00CA4A74 /* PersistenceService.swift in Sources */,
				D4B9E9501FBEA6590016A368 /* VisitDetailsViewController.swift in Sources */,
				D4B9E94E1FBEA6590016A368 /* VisitsTableViewCell.swift in Sources */,
				91D84E581FB153CC003D1DE0 /* MyTreatmentPlanTableViewCell.swift in Sources */,
				914FFE431F7AAFAB00AB6C8D /* ViewController.swift in Sources */,
				D4B4252B1FB98C2D000DEC90 /* Screen9ViewController.swift in Sources */,
				967B93141FA12385006B3A91 /* SecurityQuestion.swift in Sources */,
				914FFE411F7AAFAB00AB6C8D /* AppDelegate.swift in Sources */,
				60E28D6B1F8BCA3300D9F753 /* MenuViewController.swift in Sources */,
			);
			runOnlyForDeploymentPostprocessing = 0;
		};
		914FFE4D1F7AAFAB00AB6C8D /* Sources */ = {
			isa = PBXSourcesBuildPhase;
			buildActionMask = 2147483647;
			files = (
				914FFE561F7AAFAB00AB6C8D /* MyDailyPalTests.swift in Sources */,
			);
			runOnlyForDeploymentPostprocessing = 0;
		};
		914FFE581F7AAFAB00AB6C8D /* Sources */ = {
			isa = PBXSourcesBuildPhase;
			buildActionMask = 2147483647;
			files = (
				914FFE611F7AAFAB00AB6C8D /* MyDailyPalUITests.swift in Sources */,
			);
			runOnlyForDeploymentPostprocessing = 0;
		};
/* End PBXSourcesBuildPhase section */

/* Begin PBXTargetDependency section */
		914FFE531F7AAFAB00AB6C8D /* PBXTargetDependency */ = {
			isa = PBXTargetDependency;
			target = 914FFE3C1F7AAFAB00AB6C8D /* MyDailyPal */;
			targetProxy = 914FFE521F7AAFAB00AB6C8D /* PBXContainerItemProxy */;
		};
		914FFE5E1F7AAFAB00AB6C8D /* PBXTargetDependency */ = {
			isa = PBXTargetDependency;
			target = 914FFE3C1F7AAFAB00AB6C8D /* MyDailyPal */;
			targetProxy = 914FFE5D1F7AAFAB00AB6C8D /* PBXContainerItemProxy */;
		};
/* End PBXTargetDependency section */

/* Begin PBXVariantGroup section */
		914FFE441F7AAFAB00AB6C8D /* Main.storyboard */ = {
			isa = PBXVariantGroup;
			children = (
				914FFE451F7AAFAB00AB6C8D /* Base */,
			);
			name = Main.storyboard;
			sourceTree = "<group>";
		};
		914FFE491F7AAFAB00AB6C8D /* LaunchScreen.storyboard */ = {
			isa = PBXVariantGroup;
			children = (
				914FFE4A1F7AAFAB00AB6C8D /* Base */,
			);
			name = LaunchScreen.storyboard;
			sourceTree = "<group>";
		};
/* End PBXVariantGroup section */

/* Begin XCBuildConfiguration section */
		914FFE631F7AAFAB00AB6C8D /* Debug */ = {
			isa = XCBuildConfiguration;
			buildSettings = {
				ALWAYS_SEARCH_USER_PATHS = NO;
				CLANG_ANALYZER_NONNULL = YES;
				CLANG_ANALYZER_NUMBER_OBJECT_CONVERSION = YES_AGGRESSIVE;
				CLANG_CXX_LANGUAGE_STANDARD = "gnu++14";
				CLANG_CXX_LIBRARY = "libc++";
				CLANG_ENABLE_MODULES = YES;
				CLANG_ENABLE_OBJC_ARC = YES;
				CLANG_WARN_BLOCK_CAPTURE_AUTORELEASING = YES;
				CLANG_WARN_BOOL_CONVERSION = YES;
				CLANG_WARN_COMMA = YES;
				CLANG_WARN_CONSTANT_CONVERSION = YES;
				CLANG_WARN_DIRECT_OBJC_ISA_USAGE = YES_ERROR;
				CLANG_WARN_DOCUMENTATION_COMMENTS = YES;
				CLANG_WARN_EMPTY_BODY = YES;
				CLANG_WARN_ENUM_CONVERSION = YES;
				CLANG_WARN_INFINITE_RECURSION = YES;
				CLANG_WARN_INT_CONVERSION = YES;
				CLANG_WARN_NON_LITERAL_NULL_CONVERSION = YES;
				CLANG_WARN_OBJC_LITERAL_CONVERSION = YES;
				CLANG_WARN_OBJC_ROOT_CLASS = YES_ERROR;
				CLANG_WARN_RANGE_LOOP_ANALYSIS = YES;
				CLANG_WARN_STRICT_PROTOTYPES = YES;
				CLANG_WARN_SUSPICIOUS_MOVE = YES;
				CLANG_WARN_UNGUARDED_AVAILABILITY = YES_AGGRESSIVE;
				CLANG_WARN_UNREACHABLE_CODE = YES;
				CLANG_WARN__DUPLICATE_METHOD_MATCH = YES;
				CODE_SIGN_IDENTITY = "iPhone Developer";
				COPY_PHASE_STRIP = NO;
				DEBUG_INFORMATION_FORMAT = dwarf;
				ENABLE_STRICT_OBJC_MSGSEND = YES;
				ENABLE_TESTABILITY = YES;
				GCC_C_LANGUAGE_STANDARD = gnu11;
				GCC_DYNAMIC_NO_PIC = NO;
				GCC_NO_COMMON_BLOCKS = YES;
				GCC_OPTIMIZATION_LEVEL = 0;
				GCC_PREPROCESSOR_DEFINITIONS = (
					"DEBUG=1",
					"$(inherited)",
				);
				GCC_WARN_64_TO_32_BIT_CONVERSION = YES;
				GCC_WARN_ABOUT_RETURN_TYPE = YES_ERROR;
				GCC_WARN_UNDECLARED_SELECTOR = YES;
				GCC_WARN_UNINITIALIZED_AUTOS = YES_AGGRESSIVE;
				GCC_WARN_UNUSED_FUNCTION = YES;
				GCC_WARN_UNUSED_VARIABLE = YES;
				IPHONEOS_DEPLOYMENT_TARGET = 11.0;
				MTL_ENABLE_DEBUG_INFO = YES;
				ONLY_ACTIVE_ARCH = YES;
				SDKROOT = iphoneos;
				SWIFT_ACTIVE_COMPILATION_CONDITIONS = DEBUG;
				SWIFT_OPTIMIZATION_LEVEL = "-Onone";
			};
			name = Debug;
		};
		914FFE641F7AAFAB00AB6C8D /* Release */ = {
			isa = XCBuildConfiguration;
			buildSettings = {
				ALWAYS_SEARCH_USER_PATHS = NO;
				CLANG_ANALYZER_NONNULL = YES;
				CLANG_ANALYZER_NUMBER_OBJECT_CONVERSION = YES_AGGRESSIVE;
				CLANG_CXX_LANGUAGE_STANDARD = "gnu++14";
				CLANG_CXX_LIBRARY = "libc++";
				CLANG_ENABLE_MODULES = YES;
				CLANG_ENABLE_OBJC_ARC = YES;
				CLANG_WARN_BLOCK_CAPTURE_AUTORELEASING = YES;
				CLANG_WARN_BOOL_CONVERSION = YES;
				CLANG_WARN_COMMA = YES;
				CLANG_WARN_CONSTANT_CONVERSION = YES;
				CLANG_WARN_DIRECT_OBJC_ISA_USAGE = YES_ERROR;
				CLANG_WARN_DOCUMENTATION_COMMENTS = YES;
				CLANG_WARN_EMPTY_BODY = YES;
				CLANG_WARN_ENUM_CONVERSION = YES;
				CLANG_WARN_INFINITE_RECURSION = YES;
				CLANG_WARN_INT_CONVERSION = YES;
				CLANG_WARN_NON_LITERAL_NULL_CONVERSION = YES;
				CLANG_WARN_OBJC_LITERAL_CONVERSION = YES;
				CLANG_WARN_OBJC_ROOT_CLASS = YES_ERROR;
				CLANG_WARN_RANGE_LOOP_ANALYSIS = YES;
				CLANG_WARN_STRICT_PROTOTYPES = YES;
				CLANG_WARN_SUSPICIOUS_MOVE = YES;
				CLANG_WARN_UNGUARDED_AVAILABILITY = YES_AGGRESSIVE;
				CLANG_WARN_UNREACHABLE_CODE = YES;
				CLANG_WARN__DUPLICATE_METHOD_MATCH = YES;
				CODE_SIGN_IDENTITY = "iPhone Developer";
				COPY_PHASE_STRIP = NO;
				DEBUG_INFORMATION_FORMAT = "dwarf-with-dsym";
				ENABLE_NS_ASSERTIONS = NO;
				ENABLE_STRICT_OBJC_MSGSEND = YES;
				GCC_C_LANGUAGE_STANDARD = gnu11;
				GCC_NO_COMMON_BLOCKS = YES;
				GCC_WARN_64_TO_32_BIT_CONVERSION = YES;
				GCC_WARN_ABOUT_RETURN_TYPE = YES_ERROR;
				GCC_WARN_UNDECLARED_SELECTOR = YES;
				GCC_WARN_UNINITIALIZED_AUTOS = YES_AGGRESSIVE;
				GCC_WARN_UNUSED_FUNCTION = YES;
				GCC_WARN_UNUSED_VARIABLE = YES;
				IPHONEOS_DEPLOYMENT_TARGET = 11.0;
				MTL_ENABLE_DEBUG_INFO = NO;
				SDKROOT = iphoneos;
				SWIFT_OPTIMIZATION_LEVEL = "-Owholemodule";
				VALIDATE_PRODUCT = YES;
			};
			name = Release;
		};
		914FFE661F7AAFAB00AB6C8D /* Debug */ = {
			isa = XCBuildConfiguration;
			buildSettings = {
				ASSETCATALOG_COMPILER_APPICON_NAME = AppIcon;
				CODE_SIGN_STYLE = Manual;
				DEVELOPMENT_TEAM = "";
				FRAMEWORK_SEARCH_PATHS = (
					"$(inherited)",
					"$(PROJECT_DIR)/Carthage/Build/iOS",
				);
				INFOPLIST_FILE = MyDailyPal/Info.plist;
				LD_RUNPATH_SEARCH_PATHS = "$(inherited) @executable_path/Frameworks";
				PRODUCT_BUNDLE_IDENTIFIER = edu.com.MyDailyPal;
				PRODUCT_NAME = "$(TARGET_NAME)";
				PROVISIONING_PROFILE_SPECIFIER = "";
				SWIFT_VERSION = 4.0;
				TARGETED_DEVICE_FAMILY = "1,2";
			};
			name = Debug;
		};
		914FFE671F7AAFAB00AB6C8D /* Release */ = {
			isa = XCBuildConfiguration;
			buildSettings = {
				ASSETCATALOG_COMPILER_APPICON_NAME = AppIcon;
				CODE_SIGN_STYLE = Manual;
				DEVELOPMENT_TEAM = "";
				FRAMEWORK_SEARCH_PATHS = (
					"$(inherited)",
					"$(PROJECT_DIR)/Carthage/Build/iOS",
				);
				INFOPLIST_FILE = MyDailyPal/Info.plist;
				LD_RUNPATH_SEARCH_PATHS = "$(inherited) @executable_path/Frameworks";
				PRODUCT_BUNDLE_IDENTIFIER = edu.com.MyDailyPal;
				PRODUCT_NAME = "$(TARGET_NAME)";
				PROVISIONING_PROFILE_SPECIFIER = "";
				SWIFT_VERSION = 4.0;
				TARGETED_DEVICE_FAMILY = "1,2";
			};
			name = Release;
		};
		914FFE691F7AAFAB00AB6C8D /* Debug */ = {
			isa = XCBuildConfiguration;
			buildSettings = {
				ALWAYS_EMBED_SWIFT_STANDARD_LIBRARIES = YES;
				BUNDLE_LOADER = "$(TEST_HOST)";
				CODE_SIGN_STYLE = Automatic;
				INFOPLIST_FILE = MyDailyPalTests/Info.plist;
				LD_RUNPATH_SEARCH_PATHS = "$(inherited) @executable_path/Frameworks @loader_path/Frameworks";
				PRODUCT_BUNDLE_IDENTIFIER = edu.com.MyDailyPalTests;
				PRODUCT_NAME = "$(TARGET_NAME)";
				SWIFT_VERSION = 4.0;
				TARGETED_DEVICE_FAMILY = "1,2";
				TEST_HOST = "$(BUILT_PRODUCTS_DIR)/MyDailyPal.app/MyDailyPal";
			};
			name = Debug;
		};
		914FFE6A1F7AAFAB00AB6C8D /* Release */ = {
			isa = XCBuildConfiguration;
			buildSettings = {
				ALWAYS_EMBED_SWIFT_STANDARD_LIBRARIES = YES;
				BUNDLE_LOADER = "$(TEST_HOST)";
				CODE_SIGN_STYLE = Automatic;
				INFOPLIST_FILE = MyDailyPalTests/Info.plist;
				LD_RUNPATH_SEARCH_PATHS = "$(inherited) @executable_path/Frameworks @loader_path/Frameworks";
				PRODUCT_BUNDLE_IDENTIFIER = edu.com.MyDailyPalTests;
				PRODUCT_NAME = "$(TARGET_NAME)";
				SWIFT_VERSION = 4.0;
				TARGETED_DEVICE_FAMILY = "1,2";
				TEST_HOST = "$(BUILT_PRODUCTS_DIR)/MyDailyPal.app/MyDailyPal";
			};
			name = Release;
		};
		914FFE6C1F7AAFAB00AB6C8D /* Debug */ = {
			isa = XCBuildConfiguration;
			buildSettings = {
				ALWAYS_EMBED_SWIFT_STANDARD_LIBRARIES = YES;
				CODE_SIGN_STYLE = Automatic;
				INFOPLIST_FILE = MyDailyPalUITests/Info.plist;
				LD_RUNPATH_SEARCH_PATHS = "$(inherited) @executable_path/Frameworks @loader_path/Frameworks";
				PRODUCT_BUNDLE_IDENTIFIER = edu.com.MyDailyPalUITests;
				PRODUCT_NAME = "$(TARGET_NAME)";
				SWIFT_VERSION = 4.0;
				TARGETED_DEVICE_FAMILY = "1,2";
				TEST_TARGET_NAME = MyDailyPal;
			};
			name = Debug;
		};
		914FFE6D1F7AAFAB00AB6C8D /* Release */ = {
			isa = XCBuildConfiguration;
			buildSettings = {
				ALWAYS_EMBED_SWIFT_STANDARD_LIBRARIES = YES;
				CODE_SIGN_STYLE = Automatic;
				INFOPLIST_FILE = MyDailyPalUITests/Info.plist;
				LD_RUNPATH_SEARCH_PATHS = "$(inherited) @executable_path/Frameworks @loader_path/Frameworks";
				PRODUCT_BUNDLE_IDENTIFIER = edu.com.MyDailyPalUITests;
				PRODUCT_NAME = "$(TARGET_NAME)";
				SWIFT_VERSION = 4.0;
				TARGETED_DEVICE_FAMILY = "1,2";
				TEST_TARGET_NAME = MyDailyPal;
			};
			name = Release;
		};
/* End XCBuildConfiguration section */

/* Begin XCConfigurationList section */
		914FFE381F7AAFAB00AB6C8D /* Build configuration list for PBXProject "MyDailyPal" */ = {
			isa = XCConfigurationList;
			buildConfigurations = (
				914FFE631F7AAFAB00AB6C8D /* Debug */,
				914FFE641F7AAFAB00AB6C8D /* Release */,
			);
			defaultConfigurationIsVisible = 0;
			defaultConfigurationName = Release;
		};
		914FFE651F7AAFAB00AB6C8D /* Build configuration list for PBXNativeTarget "MyDailyPal" */ = {
			isa = XCConfigurationList;
			buildConfigurations = (
				914FFE661F7AAFAB00AB6C8D /* Debug */,
				914FFE671F7AAFAB00AB6C8D /* Release */,
			);
			defaultConfigurationIsVisible = 0;
			defaultConfigurationName = Release;
		};
		914FFE681F7AAFAB00AB6C8D /* Build configuration list for PBXNativeTarget "MyDailyPalTests" */ = {
			isa = XCConfigurationList;
			buildConfigurations = (
				914FFE691F7AAFAB00AB6C8D /* Debug */,
				914FFE6A1F7AAFAB00AB6C8D /* Release */,
			);
			defaultConfigurationIsVisible = 0;
			defaultConfigurationName = Release;
		};
		914FFE6B1F7AAFAB00AB6C8D /* Build configuration list for PBXNativeTarget "MyDailyPalUITests" */ = {
			isa = XCConfigurationList;
			buildConfigurations = (
				914FFE6C1F7AAFAB00AB6C8D /* Debug */,
				914FFE6D1F7AAFAB00AB6C8D /* Release */,
			);
			defaultConfigurationIsVisible = 0;
			defaultConfigurationName = Release;
		};
/* End XCConfigurationList section */

/* Begin XCVersionGroup section */
		967C2E3C1FA792FF00CA4A74 /* MyDailyPal.xcdatamodeld */ = {
			isa = XCVersionGroup;
			children = (
				967C2E3D1FA792FF00CA4A74 /* MyDailyPal.xcdatamodel */,
			);
			currentVersion = 967C2E3D1FA792FF00CA4A74 /* MyDailyPal.xcdatamodel */;
			path = MyDailyPal.xcdatamodeld;
			sourceTree = "<group>";
			versionGroupType = wrapper.xcdatamodel;
		};
/* End XCVersionGroup section */
	};
	rootObject = 914FFE351F7AAFAB00AB6C8D /* Project object */;
}
